// !$*UTF8*$!
{
	archiveVersion = 1;
	classes = {
	};
	objectVersion = 56;
	objects = {

/* Begin PBXBuildFile section */
		FD6200302A85F6EF002DF4C8 /* AppDelegate.swift in Sources */ = {isa = PBXBuildFile; fileRef = FD62002F2A85F6EF002DF4C8 /* AppDelegate.swift */; };
		FD6200322A85F6EF002DF4C8 /* SceneDelegate.swift in Sources */ = {isa = PBXBuildFile; fileRef = FD6200312A85F6EF002DF4C8 /* SceneDelegate.swift */; };
		FD6200342A85F6EF002DF4C8 /* ViewController.swift in Sources */ = {isa = PBXBuildFile; fileRef = FD6200332A85F6EF002DF4C8 /* ViewController.swift */; };
		FD6200372A85F6EF002DF4C8 /* Main.storyboard in Resources */ = {isa = PBXBuildFile; fileRef = FD6200352A85F6EF002DF4C8 /* Main.storyboard */; };
		FD62003A2A85F6EF002DF4C8 /* UsersInfo_Task.xcdatamodeld in Sources */ = {isa = PBXBuildFile; fileRef = FD6200382A85F6EF002DF4C8 /* UsersInfo_Task.xcdatamodeld */; };
		FD62003C2A85F6F1002DF4C8 /* Assets.xcassets in Resources */ = {isa = PBXBuildFile; fileRef = FD62003B2A85F6F1002DF4C8 /* Assets.xcassets */; };
		FD62003F2A85F6F1002DF4C8 /* LaunchScreen.storyboard in Resources */ = {isa = PBXBuildFile; fileRef = FD62003D2A85F6F1002DF4C8 /* LaunchScreen.storyboard */; };
		FD6200472A85F721002DF4C8 /* UserData.swift in Sources */ = {isa = PBXBuildFile; fileRef = FD6200462A85F721002DF4C8 /* UserData.swift */; };
		FD6200492A85FDBE002DF4C8 /* SecondViewController.swift in Sources */ = {isa = PBXBuildFile; fileRef = FD6200482A85FDBE002DF4C8 /* SecondViewController.swift */; };
		FD62004B2A861159002DF4C8 /* FirstTableViewCell.swift in Sources */ = {isa = PBXBuildFile; fileRef = FD62004A2A861158002DF4C8 /* FirstTableViewCell.swift */; };
/* End PBXBuildFile section */

/* Begin PBXFileReference section */
		FD62002C2A85F6EF002DF4C8 /* UsersInfo_Task.app */ = {isa = PBXFileReference; explicitFileType = wrapper.application; includeInIndex = 0; path = UsersInfo_Task.app; sourceTree = BUILT_PRODUCTS_DIR; };
		FD62002F2A85F6EF002DF4C8 /* AppDelegate.swift */ = {isa = PBXFileReference; lastKnownFileType = sourcecode.swift; path = AppDelegate.swift; sourceTree = "<group>"; };
		FD6200312A85F6EF002DF4C8 /* SceneDelegate.swift */ = {isa = PBXFileReference; lastKnownFileType = sourcecode.swift; path = SceneDelegate.swift; sourceTree = "<group>"; };
		FD6200332A85F6EF002DF4C8 /* ViewController.swift */ = {isa = PBXFileReference; lastKnownFileType = sourcecode.swift; path = ViewController.swift; sourceTree = "<group>"; };
		FD6200362A85F6EF002DF4C8 /* Base */ = {isa = PBXFileReference; lastKnownFileType = file.storyboard; name = Base; path = Base.lproj/Main.storyboard; sourceTree = "<group>"; };
		FD6200392A85F6EF002DF4C8 /* UsersInfo_Task.xcdatamodel */ = {isa = PBXFileReference; lastKnownFileType = wrapper.xcdatamodel; path = UsersInfo_Task.xcdatamodel; sourceTree = "<group>"; };
		FD62003B2A85F6F1002DF4C8 /* Assets.xcassets */ = {isa = PBXFileReference; lastKnownFileType = folder.assetcatalog; path = Assets.xcassets; sourceTree = "<group>"; };
		FD62003E2A85F6F1002DF4C8 /* Base */ = {isa = PBXFileReference; lastKnownFileType = file.storyboard; name = Base; path = Base.lproj/LaunchScreen.storyboard; sourceTree = "<group>"; };
		FD6200402A85F6F1002DF4C8 /* Info.plist */ = {isa = PBXFileReference; lastKnownFileType = text.plist.xml; path = Info.plist; sourceTree = "<group>"; };
		FD6200462A85F721002DF4C8 /* UserData.swift */ = {isa = PBXFileReference; lastKnownFileType = sourcecode.swift; path = UserData.swift; sourceTree = "<group>"; };
		FD6200482A85FDBE002DF4C8 /* SecondViewController.swift */ = {isa = PBXFileReference; lastKnownFileType = sourcecode.swift; path = SecondViewController.swift; sourceTree = "<group>"; };
		FD62004A2A861158002DF4C8 /* FirstTableViewCell.swift */ = {isa = PBXFileReference; lastKnownFileType = sourcecode.swift; path = FirstTableViewCell.swift; sourceTree = "<group>"; };
/* End PBXFileReference section */

/* Begin PBXFrameworksBuildPhase section */
		FD6200292A85F6EF002DF4C8 /* Frameworks */ = {
			isa = PBXFrameworksBuildPhase;
			buildActionMask = 2147483647;
			files = (
			);
			runOnlyForDeploymentPostprocessing = 0;
		};
/* End PBXFrameworksBuildPhase section */

/* Begin PBXGroup section */
		FD6200232A85F6EF002DF4C8 = {
			isa = PBXGroup;
			children = (
				FD6200462A85F721002DF4C8 /* UserData.swift */,
				FD62002E2A85F6EF002DF4C8 /* UsersInfo_Task */,
				FD62002D2A85F6EF002DF4C8 /* Products */,
			);
			sourceTree = "<group>";
		};
		FD62002D2A85F6EF002DF4C8 /* Products */ = {
			isa = PBXGroup;
			children = (
				FD62002C2A85F6EF002DF4C8 /* UsersInfo_Task.app */,
			);
			name = Products;
			sourceTree = "<group>";
		};
		FD62002E2A85F6EF002DF4C8 /* UsersInfo_Task */ = {
			isa = PBXGroup;
			children = (
				FD62002F2A85F6EF002DF4C8 /* AppDelegate.swift */,
				FD6200312A85F6EF002DF4C8 /* SceneDelegate.swift */,
				FD6200332A85F6EF002DF4C8 /* ViewController.swift */,
				FD6200482A85FDBE002DF4C8 /* SecondViewController.swift */,
				FD62004A2A861158002DF4C8 /* FirstTableViewCell.swift */,
				FD6200352A85F6EF002DF4C8 /* Main.storyboard */,
				FD62003B2A85F6F1002DF4C8 /* Assets.xcassets */,
				FD62003D2A85F6F1002DF4C8 /* LaunchScreen.storyboard */,
				FD6200402A85F6F1002DF4C8 /* Info.plist */,
				FD6200382A85F6EF002DF4C8 /* UsersInfo_Task.xcdatamodeld */,
			);
			path = UsersInfo_Task;
			sourceTree = "<group>";
		};
/* End PBXGroup section */

/* Begin PBXNativeTarget section */
		FD62002B2A85F6EF002DF4C8 /* UsersInfo_Task */ = {
			isa = PBXNativeTarget;
			buildConfigurationList = FD6200432A85F6F1002DF4C8 /* Build configuration list for PBXNativeTarget "UsersInfo_Task" */;
			buildPhases = (
				FD6200282A85F6EF002DF4C8 /* Sources */,
				FD6200292A85F6EF002DF4C8 /* Frameworks */,
				FD62002A2A85F6EF002DF4C8 /* Resources */,
			);
			buildRules = (
			);
			dependencies = (
			);
			name = UsersInfo_Task;
			productName = UsersInfo_Task;
			productReference = FD62002C2A85F6EF002DF4C8 /* UsersInfo_Task.app */;
			productType = "com.apple.product-type.application";
		};
/* End PBXNativeTarget section */

/* Begin PBXProject section */
		FD6200242A85F6EF002DF4C8 /* Project object */ = {
			isa = PBXProject;
			attributes = {
				BuildIndependentTargetsInParallel = 1;
				LastSwiftUpdateCheck = 1420;
				LastUpgradeCheck = 1420;
				TargetAttributes = {
					FD62002B2A85F6EF002DF4C8 = {
						CreatedOnToolsVersion = 14.2;
					};
				};
			};
			buildConfigurationList = FD6200272A85F6EF002DF4C8 /* Build configuration list for PBXProject "UsersInfo_Task" */;
			compatibilityVersion = "Xcode 14.0";
			developmentRegion = en;
			hasScannedForEncodings = 0;
			knownRegions = (
				en,
				Base,
			);
			mainGroup = FD6200232A85F6EF002DF4C8;
			productRefGroup = FD62002D2A85F6EF002DF4C8 /* Products */;
			projectDirPath = "";
			projectRoot = "";
			targets = (
				FD62002B2A85F6EF002DF4C8 /* UsersInfo_Task */,
			);
		};
/* End PBXProject section */

/* Begin PBXResourcesBuildPhase section */
		FD62002A2A85F6EF002DF4C8 /* Resources */ = {
			isa = PBXResourcesBuildPhase;
			buildActionMask = 2147483647;
			files = (
				FD62003F2A85F6F1002DF4C8 /* LaunchScreen.storyboard in Resources */,
				FD62003C2A85F6F1002DF4C8 /* Assets.xcassets in Resources */,
				FD6200372A85F6EF002DF4C8 /* Main.storyboard in Resources */,
			);
			runOnlyForDeploymentPostprocessing = 0;
		};
/* End PBXResourcesBuildPhase section */

/* Begin PBXSourcesBuildPhase section */
		FD6200282A85F6EF002DF4C8 /* Sources */ = {
			isa = PBXSourcesBuildPhase;
			buildActionMask = 2147483647;
			files = (
				FD6200492A85FDBE002DF4C8 /* SecondViewController.swift in Sources */,
				FD6200342A85F6EF002DF4C8 /* ViewController.swift in Sources */,
				FD6200302A85F6EF002DF4C8 /* AppDelegate.swift in Sources */,
				FD6200322A85F6EF002DF4C8 /* SceneDelegate.swift in Sources */,
				FD6200472A85F721002DF4C8 /* UserData.swift in Sources */,
				FD62003A2A85F6EF002DF4C8 /* UsersInfo_Task.xcdatamodeld in Sources */,
				FD62004B2A861159002DF4C8 /* FirstTableViewCell.swift in Sources */,
			);
			runOnlyForDeploymentPostprocessing = 0;
		};
/* End PBXSourcesBuildPhase section */

/* Begin PBXVariantGroup section */
		FD6200352A85F6EF002DF4C8 /* Main.storyboard */ = {
			isa = PBXVariantGroup;
			children = (
				FD6200362A85F6EF002DF4C8 /* Base */,
			);
			name = Main.storyboard;
			sourceTree = "<group>";
		};
		FD62003D2A85F6F1002DF4C8 /* LaunchScreen.storyboard */ = {
			isa = PBXVariantGroup;
			children = (
				FD62003E2A85F6F1002DF4C8 /* Base */,
			);
			name = LaunchScreen.storyboard;
			sourceTree = "<group>";
		};
/* End PBXVariantGroup section */

/* Begin XCBuildConfiguration section */
		FD6200412A85F6F1002DF4C8 /* Debug */ = {
			isa = XCBuildConfiguration;
			buildSettings = {
				ALWAYS_SEARCH_USER_PATHS = NO;
				CLANG_ANALYZER_NONNULL = YES;
				CLANG_ANALYZER_NUMBER_OBJECT_CONVERSION = YES_AGGRESSIVE;
				CLANG_CXX_LANGUAGE_STANDARD = "gnu++20";
				CLANG_ENABLE_MODULES = YES;
				CLANG_ENABLE_OBJC_ARC = YES;
				CLANG_ENABLE_OBJC_WEAK = YES;
				CLANG_WARN_BLOCK_CAPTURE_AUTORELEASING = YES;
				CLANG_WARN_BOOL_CONVERSION = YES;
				CLANG_WARN_COMMA = YES;
				CLANG_WARN_CONSTANT_CONVERSION = YES;
				CLANG_WARN_DEPRECATED_OBJC_IMPLEMENTATIONS = YES;
				CLANG_WARN_DIRECT_OBJC_ISA_USAGE = YES_ERROR;
				CLANG_WARN_DOCUMENTATION_COMMENTS = YES;
				CLANG_WARN_EMPTY_BODY = YES;
				CLANG_WARN_ENUM_CONVERSION = YES;
				CLANG_WARN_INFINITE_RECURSION = YES;
				CLANG_WARN_INT_CONVERSION = YES;
				CLANG_WARN_NON_LITERAL_NULL_CONVERSION = YES;
				CLANG_WARN_OBJC_IMPLICIT_RETAIN_SELF = YES;
				CLANG_WARN_OBJC_LITERAL_CONVERSION = YES;
				CLANG_WARN_OBJC_ROOT_CLASS = YES_ERROR;
				CLANG_WARN_QUOTED_INCLUDE_IN_FRAMEWORK_HEADER = YES;
				CLANG_WARN_RANGE_LOOP_ANALYSIS = YES;
				CLANG_WARN_STRICT_PROTOTYPES = YES;
				CLANG_WARN_SUSPICIOUS_MOVE = YES;
				CLANG_WARN_UNGUARDED_AVAILABILITY = YES_AGGRESSIVE;
				CLANG_WARN_UNREACHABLE_CODE = YES;
				CLANG_WARN__DUPLICATE_METHOD_MATCH = YES;
				COPY_PHASE_STRIP = NO;
				DEBUG_INFORMATION_FORMAT = dwarf;
				ENABLE_STRICT_OBJC_MSGSEND = YES;
				ENABLE_TESTABILITY = YES;
				GCC_C_LANGUAGE_STANDARD = gnu11;
				GCC_DYNAMIC_NO_PIC = NO;
				GCC_NO_COMMON_BLOCKS = YES;
				GCC_OPTIMIZATION_LEVEL = 0;
				GCC_PREPROCESSOR_DEFINITIONS = (
					"DEBUG=1",
					"$(inherited)",
				);
				GCC_WARN_64_TO_32_BIT_CONVERSION = YES;
				GCC_WARN_ABOUT_RETURN_TYPE = YES_ERROR;
				GCC_WARN_UNDECLARED_SELECTOR = YES;
				GCC_WARN_UNINITIALIZED_AUTOS = YES_AGGRESSIVE;
				GCC_WARN_UNUSED_FUNCTION = YES;
				GCC_WARN_UNUSED_VARIABLE = YES;
				IPHONEOS_DEPLOYMENT_TARGET = 16.2;
				MTL_ENABLE_DEBUG_INFO = INCLUDE_SOURCE;
				MTL_FAST_MATH = YES;
				ONLY_ACTIVE_ARCH = YES;
				SDKROOT = iphoneos;
				SWIFT_ACTIVE_COMPILATION_CONDITIONS = DEBUG;
				SWIFT_OPTIMIZATION_LEVEL = "-Onone";
			};
			name = Debug;
		};
		FD6200422A85F6F1002DF4C8 /* Release */ = {
			isa = XCBuildConfiguration;
			buildSettings = {
				ALWAYS_SEARCH_USER_PATHS = NO;
				CLANG_ANALYZER_NONNULL = YES;
				CLANG_ANALYZER_NUMBER_OBJECT_CONVERSION = YES_AGGRESSIVE;
				CLANG_CXX_LANGUAGE_STANDARD = "gnu++20";
				CLANG_ENABLE_MODULES = YES;
				CLANG_ENABLE_OBJC_ARC = YES;
				CLANG_ENABLE_OBJC_WEAK = YES;
				CLANG_WARN_BLOCK_CAPTURE_AUTORELEASING = YES;
				CLANG_WARN_BOOL_CONVERSION = YES;
				CLANG_WARN_COMMA = YES;
				CLANG_WARN_CONSTANT_CONVERSION = YES;
				CLANG_WARN_DEPRECATED_OBJC_IMPLEMENTATIONS = YES;
				CLANG_WARN_DIRECT_OBJC_ISA_USAGE = YES_ERROR;
				CLANG_WARN_DOCUMENTATION_COMMENTS = YES;
				CLANG_WARN_EMPTY_BODY = YES;
				CLANG_WARN_ENUM_CONVERSION = YES;
				CLANG_WARN_INFINITE_RECURSION = YES;
				CLANG_WARN_INT_CONVERSION = YES;
				CLANG_WARN_NON_LITERAL_NULL_CONVERSION = YES;
				CLANG_WARN_OBJC_IMPLICIT_RETAIN_SELF = YES;
				CLANG_WARN_OBJC_LITERAL_CONVERSION = YES;
				CLANG_WARN_OBJC_ROOT_CLASS = YES_ERROR;
				CLANG_WARN_QUOTED_INCLUDE_IN_FRAMEWORK_HEADER = YES;
				CLANG_WARN_RANGE_LOOP_ANALYSIS = YES;
				CLANG_WARN_STRICT_PROTOTYPES = YES;
				CLANG_WARN_SUSPICIOUS_MOVE = YES;
				CLANG_WARN_UNGUARDED_AVAILABILITY = YES_AGGRESSIVE;
				CLANG_WARN_UNREACHABLE_CODE = YES;
				CLANG_WARN__DUPLICATE_METHOD_MATCH = YES;
				COPY_PHASE_STRIP = NO;
				DEBUG_INFORMATION_FORMAT = "dwarf-with-dsym";
				ENABLE_NS_ASSERTIONS = NO;
				ENABLE_STRICT_OBJC_MSGSEND = YES;
				GCC_C_LANGUAGE_STANDARD = gnu11;
				GCC_NO_COMMON_BLOCKS = YES;
				GCC_WARN_64_TO_32_BIT_CONVERSION = YES;
				GCC_WARN_ABOUT_RETURN_TYPE = YES_ERROR;
				GCC_WARN_UNDECLARED_SELECTOR = YES;
				GCC_WARN_UNINITIALIZED_AUTOS = YES_AGGRESSIVE;
				GCC_WARN_UNUSED_FUNCTION = YES;
				GCC_WARN_UNUSED_VARIABLE = YES;
				IPHONEOS_DEPLOYMENT_TARGET = 16.2;
				MTL_ENABLE_DEBUG_INFO = NO;
				MTL_FAST_MATH = YES;
				SDKROOT = iphoneos;
				SWIFT_COMPILATION_MODE = wholemodule;
				SWIFT_OPTIMIZATION_LEVEL = "-O";
				VALIDATE_PRODUCT = YES;
			};
			name = Release;
		};
		FD6200442A85F6F1002DF4C8 /* Debug */ = {
			isa = XCBuildConfiguration;
			buildSettings = {
				ASSETCATALOG_COMPILER_APPICON_NAME = AppIcon;
				ASSETCATALOG_COMPILER_GLOBAL_ACCENT_COLOR_NAME = AccentColor;
				CODE_SIGN_STYLE = Automatic;
				CURRENT_PROJECT_VERSION = 1;
				DEVELOPMENT_TEAM = 4H2948T7KN;
				GENERATE_INFOPLIST_FILE = YES;
				INFOPLIST_FILE = UsersInfo_Task/Info.plist;
				INFOPLIST_KEY_UIApplicationSupportsIndirectInputEvents = YES;
				INFOPLIST_KEY_UILaunchStoryboardName = LaunchScreen;
				INFOPLIST_KEY_UIMainStoryboardFile = Main;
				INFOPLIST_KEY_UISupportedInterfaceOrientations_iPad = "UIInterfaceOrientationPortrait UIInterfaceOrientationPortraitUpsideDown UIInterfaceOrientationLandscapeLeft UIInterfaceOrientationLandscapeRight";
				INFOPLIST_KEY_UISupportedInterfaceOrientations_iPhone = "UIInterfaceOrientationPortrait UIInterfaceOrientationLandscapeLeft UIInterfaceOrientationLandscapeRight";
				LD_RUNPATH_SEARCH_PATHS = (
					"$(inherited)",
					"@executable_path/Frameworks",
				);
				MARKETING_VERSION = 1.0;
				PRODUCT_BUNDLE_IDENTIFIER = "jkj.UsersInfo-Task";
				PRODUCT_NAME = "$(TARGET_NAME)";
				SWIFT_EMIT_LOC_STRINGS = YES;
				SWIFT_VERSION = 5.0;
				TARGETED_DEVICE_FAMILY = "1,2";
			};
			name = Debug;
		};
		FD6200452A85F6F1002DF4C8 /* Release */ = {
			isa = XCBuildConfiguration;
			buildSettings = {
				ASSETCATALOG_COMPILER_APPICON_NAME = AppIcon;
				ASSETCATALOG_COMPILER_GLOBAL_ACCENT_COLOR_NAME = AccentColor;
				CODE_SIGN_STYLE = Automatic;
				CURRENT_PROJECT_VERSION = 1;
				DEVELOPMENT_TEAM = 4H2948T7KN;
				GENERATE_INFOPLIST_FILE = YES;
				INFOPLIST_FILE = UsersInfo_Task/Info.plist;
				INFOPLIST_KEY_UIApplicationSupportsIndirectInputEvents = YES;
				INFOPLIST_KEY_UILaunchStoryboardName = LaunchScreen;
				INFOPLIST_KEY_UIMainStoryboardFile = Main;
				INFOPLIST_KEY_UISupportedInterfaceOrientations_iPad = "UIInterfaceOrientationPortrait UIInterfaceOrientationPortraitUpsideDown UIInterfaceOrientationLandscapeLeft UIInterfaceOrientationLandscapeRight";
				INFOPLIST_KEY_UISupportedInterfaceOrientations_iPhone = "UIInterfaceOrientationPortrait UIInterfaceOrientationLandscapeLeft UIInterfaceOrientationLandscapeRight";
				LD_RUNPATH_SEARCH_PATHS = (
					"$(inherited)",
					"@executable_path/Frameworks",
				);
				MARKETING_VERSION = 1.0;
				PRODUCT_BUNDLE_IDENTIFIER = "jkj.UsersInfo-Task";
				PRODUCT_NAME = "$(TARGET_NAME)";
				SWIFT_EMIT_LOC_STRINGS = YES;
				SWIFT_VERSION = 5.0;
				TARGETED_DEVICE_FAMILY = "1,2";
			};
			name = Release;
		};
/* End XCBuildConfiguration section */

/* Begin XCConfigurationList section */
		FD6200272A85F6EF002DF4C8 /* Build configuration list for PBXProject "UsersInfo_Task" */ = {
			isa = XCConfigurationList;
			buildConfigurations = (
				FD6200412A85F6F1002DF4C8 /* Debug */,
				FD6200422A85F6F1002DF4C8 /* Release */,
			);
			defaultConfigurationIsVisible = 0;
			defaultConfigurationName = Release;
		};
		FD6200432A85F6F1002DF4C8 /* Build configuration list for PBXNativeTarget "UsersInfo_Task" */ = {
			isa = XCConfigurationList;
			buildConfigurations = (
				FD6200442A85F6F1002DF4C8 /* Debug */,
				FD6200452A85F6F1002DF4C8 /* Release */,
			);
			defaultConfigurationIsVisible = 0;
			defaultConfigurationName = Release;
		};
/* End XCConfigurationList section */

/* Begin XCVersionGroup section */
		FD6200382A85F6EF002DF4C8 /* UsersInfo_Task.xcdatamodeld */ = {
			isa = XCVersionGroup;
			children = (
				FD6200392A85F6EF002DF4C8 /* UsersInfo_Task.xcdatamodel */,
			);
			currentVersion = FD6200392A85F6EF002DF4C8 /* UsersInfo_Task.xcdatamodel */;
			path = UsersInfo_Task.xcdatamodeld;
			sourceTree = "<group>";
			versionGroupType = wrapper.xcdatamodel;
		};
/* End XCVersionGroup section */
	};
	rootObject = FD6200242A85F6EF002DF4C8 /* Project object */;
}
